github.com/Tariomka/led-common-lib v0.4.0 h1:/+J4NxuXbVmVqZfnnk2jhMXzmj3cfaDSixNirzLcwFE=
github.com/Tariomka/led-common-lib v0.4.0/go.mod h1:wsG2JyV11DOso4MQhOvNdF52yjyP+Y2aQn16TGKacio=
github.com/Tariomka/led-common-lib v0.4.1 h1:KTP1WwAbEjZd3Us/Toxjooq/jP5FPqn+kwiFDXa9Msg=
github.com/Tariomka/led-common-lib v0.4.1/go.mod h1:wsG2JyV11DOso4MQhOvNdF52yjyP+Y2aQn16TGKacio=
github.com/soypat/cyw43439 v0.0.0-20250505012923-830110c8f4af h1:ZfFq94aH/BCSWWKd9RPUgdHOdgGKCnfl2VdvU9UksTA=
github.com/soypat/cyw43439 v0.0.0-20250505012923-830110c8f4af/go.mod h1:MUaGO5m6X7xrkHrPDmnaxCEcuCCFN/0ZFh9oie+exbU=
github.com/soypat/seqs v0.0.0-20250630134107-01c3f05666ba h1:NaIxs8iRVTAGBY4xiCy1Jqex3mIPodyLHppYvxUjJEk=
github.com/soypat/seqs v0.0.0-20250630134107-01c3f05666ba/go.mod h1:oCVCNGCHMKoBj97Zp9znLbQ1nHxpkmOY9X+UAGzOxc8=
github.com/tinygo-org/pio v0.2.0 h1:vo3xa6xDZ2rVtxrks/KcTZHF3qq4lyWOntvEvl2pOhU=
github.com/tinygo-org/pio v0.2.0/go.mod h1:LU7Dw00NJ+N86QkeTGjMLNkYcEYMor6wTDpTCu0EaH8=
golang.org/x/exp v0.0.0-20250808145144-a408d31f581a h1:Y+7uR/b1Mw2iSXZ3G//1haIiSElDQZ8KWh0h+sZPG90=
golang.org/x/exp v0.0.0-20250808145144-a408d31f581a/go.mod h1:rT6SFzZ7oxADUDx58pcaKFTcZ+inxAa9fTrYx/uVYwg=
