github.com/Tariomka/led-common-lib v0.1.0 h1:ok8G4RVFjb2VIQQyTRRCbNKuG0SEicU3XWjn2lglfVI=
github.com/Tariomka/led-common-lib v0.1.0/go.mod h1:1pmGz2ee4V2m3dfDrc2j3gU+tE8rwKEG1Qq4lBxxak4=
github.com/soypat/cyw43439 v0.0.0-20250322192939-ffedeab80a50 h1:PgHnB1SZUXV6HuaM9XLddb3xsnOtx4JrfpDZpmuYQ68=
github.com/soypat/cyw43439 v0.0.0-20250322192939-ffedeab80a50/go.mod h1:MUaGO5m6X7xrkHrPDmnaxCEcuCCFN/0ZFh9oie+exbU=
github.com/soypat/seqs v0.0.0-20250124201400-0d65bc7c1710 h1:Y9fBuiR/urFY/m76+SAZTxk2xAOS2n85f+H1CugajeA=
github.com/soypat/seqs v0.0.0-20250124201400-0d65bc7c1710/go.mod h1:oCVCNGCHMKoBj97Zp9znLbQ1nHxpkmOY9X+UAGzOxc8=
github.com/tinygo-org/pio v0.2.0 h1:vo3xa6xDZ2rVtxrks/KcTZHF3qq4lyWOntvEvl2pOhU=
github.com/tinygo-org/pio v0.2.0/go.mod h1:LU7Dw00NJ+N86QkeTGjMLNkYcEYMor6wTDpTCu0EaH8=
golang.org/x/exp v0.0.0-20250408133849-7e4ce0ab07d0 h1:R84qjqJb5nVJMxqWYb3np9L5ZsaDtB+a39EqjV0JSUM=
golang.org/x/exp v0.0.0-20250408133849-7e4ce0ab07d0/go.mod h1:S9Xr4PYopiDyqSyp5NjCrhFrqg6A5zA2E/iPHPhqnS8=
